
Microsoft Visual Studio Solution File, Format Version 12.00
# Visual Studio Version 17
VisualStudioVersion = 17.5.33502.453
MinimumVisualStudioVersion = 10.0.40219.1
Project("{FAE04EC0-301F-11D3-BF4B-00C04F79EFBC}") = "menu", "menu\menu.csproj", "{9385F5FA-315A-4730-BB1C-46B2C9A0CE8B}"
EndProject
Global
	GlobalSection(SolutionConfigurationPlatforms) = preSolution
		Debug|Any CPU = Debug|Any CPU
		Release|Any CPU = Release|Any CPU
	EndGlobalSection
	GlobalSection(ProjectConfigurationPlatforms) = postSolution
		{9385F5FA-315A-4730-BB1C-46B2C9A0CE8B}.Debug|Any CPU.ActiveCfg = Debug|Any CPU
		{9385F5FA-315A-4730-BB1C-46B2C9A0CE8B}.Debug|Any CPU.Build.0 = Debug|Any CPU
		{9385F5FA-315A-4730-BB1C-46B2C9A0CE8B}.Release|Any CPU.ActiveCfg = Release|Any CPU
		{9385F5FA-315A-4730-BB1C-46B2C9A0CE8B}.Release|Any CPU.Build.0 = Release|Any CPU
	EndGlobalSection
	GlobalSection(SolutionProperties) = preSolution
		HideSolutionNode = FALSE
	EndGlobalSection
	GlobalSection(ExtensibilityGlobals) = postSolution
		SolutionGuid = {3C2BD6E4-2331-4D40-A271-D2B84AA4D19A}
	EndGlobalSection
EndGlobal
